# THIS IS AN AUTOGENERATED FILE. DO NOT EDIT THIS FILE DIRECTLY.
# yarn lockfile v1


"@bytecodealliance/preview2-shim@0.17.2":
  version "0.17.2"
  resolved "https://registry.yarnpkg.com/@bytecodealliance/preview2-shim/-/preview2-shim-0.17.2.tgz#8d0c732cba29169a85aa3e603c767e039378f89b"
  integrity sha512-mNm/lblgES8UkVle8rGImXOz4TtL3eU3inHay/7TVchkKrb/lgcVvTK0+VAw8p5zQ0rgQsXm1j5dOlAAd+MeoA==

"@nomicfoundation/slang@1.2.0":
  version "1.2.0"
  resolved "https://registry.yarnpkg.com/@nomicfoundation/slang/-/slang-1.2.0.tgz#38a389729bf2bc882b75e3feada9995bedc50091"
  integrity sha512-+04Z1RHbbz0ldDbHKQFOzveCdI9Rd3TZZu7fno5hHy3OsqTo9UK5Jgqo68wMvRovCO99POv6oCEyO7+urGeN8Q==
  dependencies:
    "@bytecodealliance/preview2-shim" "0.17.2"

"@solidity-parser/parser@^0.20.1":
  version "0.20.2"
  resolved "https://registry.yarnpkg.com/@solidity-parser/parser/-/parser-0.20.2.tgz#e07053488ed60dae1b54f6fe37bb6d2c5fe146a7"
  integrity sha512-rbu0bzwNvMcwAjH86hiEAcOeRI2EeK8zCkHDrFykh/Al8mvJeFmjy3UrE7GYQjNwOgbGUUtCn5/k8CB8zIu7QA==

prettier-plugin-solidity@2.1.0:
  version "2.1.0"
  resolved "https://registry.yarnpkg.com/prettier-plugin-solidity/-/prettier-plugin-solidity-2.1.0.tgz#2298aefc92c5ebd3a0323f98151d2a82f38fc7c6"
  integrity sha512-O5HX4/PCE5aqiaEiNGbSRLbSBZQ6kLswAav5LBSewwzhT+sZlN6iAaLZlZcJzPEnIAxwLEHP03xKEg92fflT9Q==
  dependencies:
    "@nomicfoundation/slang" "1.2.0"
    "@solidity-parser/parser" "^0.20.1"
    semver "^7.7.2"

prettier@3.0.0:
  version "3.0.0"
  resolved "https://registry.yarnpkg.com/prettier/-/prettier-3.0.0.tgz#e7b19f691245a21d618c68bc54dc06122f6105ae"
  integrity sha512-zBf5eHpwHOGPC47h0zrPyNn+eAEIdEzfywMoYn2XPi0P44Zp0tSq64rq0xAREh4auw2cJZHo9QUob+NqCQky4g==

semver@^7.7.2:
  version "7.7.4"
  resolved "https://registry.yarnpkg.com/semver/-/semver-7.7.4.tgz#28464e36060e991fa7a11d0279d2d3f3b57a7e8a"
  integrity sha512-vFKC2IEtQnVhpT78h1Yp8wzwrf8CM+MzKMHGJZfBtzhZNycRFnXsHk6E5TxIkkMsgNS7mdX3AGB7x2QM2di4lA==
